// !$*UTF8*$!
{
	archiveVersion = 1;
	classes = {
	};
	objectVersion = 51;
	objects = {

/* Begin PBXBuildFile section */
		19B61B1E82408F3E9B5A8A24 /* Pods_SAR_Drone.framework in Frameworks */ = {isa = PBXBuildFile; fileRef = DE6829B2DB8848D1778669B3 /* Pods_SAR_Drone.framework */; };
		6363337023F362E600EB178C /* FFmpeg.framework in Frameworks */ = {isa = PBXBuildFile; fileRef = 6363336F23F362E600EB178C /* FFmpeg.framework */; };
		6381EC1623F35392002C1DD0 /* AppDelegate.swift in Sources */ = {isa = PBXBuildFile; fileRef = 6381EC1523F35392002C1DD0 /* AppDelegate.swift */; };
		6381EC1823F35392002C1DD0 /* SceneDelegate.swift in Sources */ = {isa = PBXBuildFile; fileRef = 6381EC1723F35392002C1DD0 /* SceneDelegate.swift */; };
		6381EC1A23F35392002C1DD0 /* ViewController.swift in Sources */ = {isa = PBXBuildFile; fileRef = 6381EC1923F35392002C1DD0 /* ViewController.swift */; };
		6381EC1D23F35392002C1DD0 /* Main.storyboard in Resources */ = {isa = PBXBuildFile; fileRef = 6381EC1B23F35392002C1DD0 /* Main.storyboard */; };
		6381EC1F23F35397002C1DD0 /* Assets.xcassets in Resources */ = {isa = PBXBuildFile; fileRef = 6381EC1E23F35397002C1DD0 /* Assets.xcassets */; };
		6381EC2223F35397002C1DD0 /* LaunchScreen.storyboard in Resources */ = {isa = PBXBuildFile; fileRef = 6381EC2023F35397002C1DD0 /* LaunchScreen.storyboard */; };
		6381EC2A23F35689002C1DD0 /* ProductCommunicationManager.swift in Sources */ = {isa = PBXBuildFile; fileRef = 6381EC2923F35689002C1DD0 /* ProductCommunicationManager.swift */; };
		6381EC2D23F35D9D002C1DD0 /* DJIWidget in Resources */ = {isa = PBXBuildFile; fileRef = 6381EC2B23F35D9D002C1DD0 /* DJIWidget */; };
/* End PBXBuildFile section */

/* Begin PBXFileReference section */
		6363336F23F362E600EB178C /* FFmpeg.framework */ = {isa = PBXFileReference; lastKnownFileType = wrapper.framework; path = FFmpeg.framework; sourceTree = "<group>"; };
		6381EC1223F35392002C1DD0 /* SAR-Drone.app */ = {isa = PBXFileReference; explicitFileType = wrapper.application; includeInIndex = 0; path = "SAR-Drone.app"; sourceTree = BUILT_PRODUCTS_DIR; };
		6381EC1523F35392002C1DD0 /* AppDelegate.swift */ = {isa = PBXFileReference; lastKnownFileType = sourcecode.swift; path = AppDelegate.swift; sourceTree = "<group>"; };
		6381EC1723F35392002C1DD0 /* SceneDelegate.swift */ = {isa = PBXFileReference; lastKnownFileType = sourcecode.swift; path = SceneDelegate.swift; sourceTree = "<group>"; };
		6381EC1923F35392002C1DD0 /* ViewController.swift */ = {isa = PBXFileReference; lastKnownFileType = sourcecode.swift; path = ViewController.swift; sourceTree = "<group>"; };
		6381EC1C23F35392002C1DD0 /* Base */ = {isa = PBXFileReference; lastKnownFileType = file.storyboard; name = Base; path = Base.lproj/Main.storyboard; sourceTree = "<group>"; };
		6381EC1E23F35397002C1DD0 /* Assets.xcassets */ = {isa = PBXFileReference; lastKnownFileType = folder.assetcatalog; path = Assets.xcassets; sourceTree = "<group>"; };
		6381EC2123F35397002C1DD0 /* Base */ = {isa = PBXFileReference; lastKnownFileType = file.storyboard; name = Base; path = Base.lproj/LaunchScreen.storyboard; sourceTree = "<group>"; };
		6381EC2323F35397002C1DD0 /* Info.plist */ = {isa = PBXFileReference; lastKnownFileType = text.plist.xml; path = Info.plist; sourceTree = "<group>"; };
		6381EC2923F35689002C1DD0 /* ProductCommunicationManager.swift */ = {isa = PBXFileReference; fileEncoding = 4; lastKnownFileType = sourcecode.swift; path = ProductCommunicationManager.swift; sourceTree = "<group>"; };
		6381EC2B23F35D9D002C1DD0 /* DJIWidget */ = {isa = PBXFileReference; lastKnownFileType = folder; path = DJIWidget; sourceTree = "<group>"; };
		BDF8DBEBB4C36DD0BC0093DB /* Pods-SAR-Drone.release.xcconfig */ = {isa = PBXFileReference; includeInIndex = 1; lastKnownFileType = text.xcconfig; name = "Pods-SAR-Drone.release.xcconfig"; path = "Target Support Files/Pods-SAR-Drone/Pods-SAR-Drone.release.xcconfig"; sourceTree = "<group>"; };
		D3345BA6FD2808AFD34A1EE2 /* Pods-SAR-Drone.debug.xcconfig */ = {isa = PBXFileReference; includeInIndex = 1; lastKnownFileType = text.xcconfig; name = "Pods-SAR-Drone.debug.xcconfig"; path = "Target Support Files/Pods-SAR-Drone/Pods-SAR-Drone.debug.xcconfig"; sourceTree = "<group>"; };
		DE6829B2DB8848D1778669B3 /* Pods_SAR_Drone.framework */ = {isa = PBXFileReference; explicitFileType = wrapper.framework; includeInIndex = 0; path = Pods_SAR_Drone.framework; sourceTree = BUILT_PRODUCTS_DIR; };
/* End PBXFileReference section */

/* Begin PBXFrameworksBuildPhase section */
		6381EC0F23F35392002C1DD0 /* Frameworks */ = {
			isa = PBXFrameworksBuildPhase;
			buildActionMask = 2147483647;
			files = (
				19B61B1E82408F3E9B5A8A24 /* Pods_SAR_Drone.framework in Frameworks */,
				6363337023F362E600EB178C /* FFmpeg.framework in Frameworks */,
			);
			runOnlyForDeploymentPostprocessing = 0;
		};
/* End PBXFrameworksBuildPhase section */

/* Begin PBXGroup section */
		0EE8CD550BA4687E76F12E11 /* Frameworks */ = {
			isa = PBXGroup;
			children = (
				6363336F23F362E600EB178C /* FFmpeg.framework */,
				6381EC2B23F35D9D002C1DD0 /* DJIWidget */,
				DE6829B2DB8848D1778669B3 /* Pods_SAR_Drone.framework */,
			);
			name = Frameworks;
			sourceTree = "<group>";
		};
		6381EC0923F35392002C1DD0 = {
			isa = PBXGroup;
			children = (
				6381EC1423F35392002C1DD0 /* SAR-Drone */,
				6381EC1323F35392002C1DD0 /* Products */,
				AD5642147895BB9747E6BBE9 /* Pods */,
				0EE8CD550BA4687E76F12E11 /* Frameworks */,
			);
			sourceTree = "<group>";
		};
		6381EC1323F35392002C1DD0 /* Products */ = {
			isa = PBXGroup;
			children = (
				6381EC1223F35392002C1DD0 /* SAR-Drone.app */,
			);
			name = Products;
			sourceTree = "<group>";
		};
		6381EC1423F35392002C1DD0 /* SAR-Drone */ = {
			isa = PBXGroup;
			children = (
				6381EC2923F35689002C1DD0 /* ProductCommunicationManager.swift */,
				6381EC1523F35392002C1DD0 /* AppDelegate.swift */,
				6381EC1723F35392002C1DD0 /* SceneDelegate.swift */,
				6381EC1923F35392002C1DD0 /* ViewController.swift */,
				6381EC1B23F35392002C1DD0 /* Main.storyboard */,
				6381EC1E23F35397002C1DD0 /* Assets.xcassets */,
				6381EC2023F35397002C1DD0 /* LaunchScreen.storyboard */,
				6381EC2323F35397002C1DD0 /* Info.plist */,
			);
			path = "SAR-Drone";
			sourceTree = "<group>";
		};
		AD5642147895BB9747E6BBE9 /* Pods */ = {
			isa = PBXGroup;
			children = (
				D3345BA6FD2808AFD34A1EE2 /* Pods-SAR-Drone.debug.xcconfig */,
				BDF8DBEBB4C36DD0BC0093DB /* Pods-SAR-Drone.release.xcconfig */,
			);
			path = Pods;
			sourceTree = "<group>";
		};
/* End PBXGroup section */

/* Begin PBXNativeTarget section */
		6381EC1123F35392002C1DD0 /* SAR-Drone */ = {
			isa = PBXNativeTarget;
			buildConfigurationList = 6381EC2623F35397002C1DD0 /* Build configuration list for PBXNativeTarget "SAR-Drone" */;
			buildPhases = (
				40707BE97233AA27DD1E7C43 /* [CP] Check Pods Manifest.lock */,
				6381EC0E23F35392002C1DD0 /* Sources */,
				6381EC0F23F35392002C1DD0 /* Frameworks */,
				6381EC1023F35392002C1DD0 /* Resources */,
				6CE49E26A7F668F9A4F99204 /* [CP] Embed Pods Frameworks */,
				3875D27A47F427F417A0F76F /* [CP] Copy Pods Resources */,
			);
			buildRules = (
			);
			dependencies = (
			);
			name = "SAR-Drone";
			productName = "SAR-Drone";
			productReference = 6381EC1223F35392002C1DD0 /* SAR-Drone.app */;
			productType = "com.apple.product-type.application";
		};
/* End PBXNativeTarget section */

/* Begin PBXProject section */
		6381EC0A23F35392002C1DD0 /* Project object */ = {
			isa = PBXProject;
			attributes = {
				LastSwiftUpdateCheck = 1130;
				LastUpgradeCheck = 1130;
				ORGANIZATIONNAME = "Travis Tomer";
				TargetAttributes = {
					6381EC1123F35392002C1DD0 = {
						CreatedOnToolsVersion = 11.3.1;
					};
				};
			};
			buildConfigurationList = 6381EC0D23F35392002C1DD0 /* Build configuration list for PBXProject "SAR-Drone" */;
			compatibilityVersion = "Xcode 9.3";
			developmentRegion = en;
			hasScannedForEncodings = 0;
			knownRegions = (
				en,
				Base,
			);
			mainGroup = 6381EC0923F35392002C1DD0;
			productRefGroup = 6381EC1323F35392002C1DD0 /* Products */;
			projectDirPath = "";
			projectRoot = "";
			targets = (
				6381EC1123F35392002C1DD0 /* SAR-Drone */,
			);
		};
/* End PBXProject section */

/* Begin PBXResourcesBuildPhase section */
		6381EC1023F35392002C1DD0 /* Resources */ = {
			isa = PBXResourcesBuildPhase;
			buildActionMask = 2147483647;
			files = (
				6381EC2D23F35D9D002C1DD0 /* DJIWidget in Resources */,
				6381EC2223F35397002C1DD0 /* LaunchScreen.storyboard in Resources */,
				6381EC1F23F35397002C1DD0 /* Assets.xcassets in Resources */,
				6381EC1D23F35392002C1DD0 /* Main.storyboard in Resources */,
			);
			runOnlyForDeploymentPostprocessing = 0;
		};
/* End PBXResourcesBuildPhase section */

/* Begin PBXShellScriptBuildPhase section */
		3875D27A47F427F417A0F76F /* [CP] Copy Pods Resources */ = {
			isa = PBXShellScriptBuildPhase;
			buildActionMask = 2147483647;
			files = (
			);
			inputFileListPaths = (
				"${PODS_ROOT}/Target Support Files/Pods-SAR-Drone/Pods-SAR-Drone-resources-${CONFIGURATION}-input-files.xcfilelist",
			);
			name = "[CP] Copy Pods Resources";
			outputFileListPaths = (
				"${PODS_ROOT}/Target Support Files/Pods-SAR-Drone/Pods-SAR-Drone-resources-${CONFIGURATION}-output-files.xcfilelist",
			);
			runOnlyForDeploymentPostprocessing = 0;
			shellPath = /bin/sh;
			shellScript = "\"${PODS_ROOT}/Target Support Files/Pods-SAR-Drone/Pods-SAR-Drone-resources.sh\"\n";
			showEnvVarsInLog = 0;
		};
		40707BE97233AA27DD1E7C43 /* [CP] Check Pods Manifest.lock */ = {
			isa = PBXShellScriptBuildPhase;
			buildActionMask = 2147483647;
			files = (
			);
			inputFileListPaths = (
			);
			inputPaths = (
				"${PODS_PODFILE_DIR_PATH}/Podfile.lock",
				"${PODS_ROOT}/Manifest.lock",
			);
			name = "[CP] Check Pods Manifest.lock";
			outputFileListPaths = (
			);
			outputPaths = (
				"$(DERIVED_FILE_DIR)/Pods-SAR-Drone-checkManifestLockResult.txt",
			);
			runOnlyForDeploymentPostprocessing = 0;
			shellPath = /bin/sh;
			shellScript = "diff \"${PODS_PODFILE_DIR_PATH}/Podfile.lock\" \"${PODS_ROOT}/Manifest.lock\" > /dev/null\nif [ $? != 0 ] ; then\n    # print error to STDERR\n    echo \"error: The sandbox is not in sync with the Podfile.lock. Run 'pod install' or update your CocoaPods installation.\" >&2\n    exit 1\nfi\n# This output is used by Xcode 'outputs' to avoid re-running this script phase.\necho \"SUCCESS\" > \"${SCRIPT_OUTPUT_FILE_0}\"\n";
			showEnvVarsInLog = 0;
		};
		6CE49E26A7F668F9A4F99204 /* [CP] Embed Pods Frameworks */ = {
			isa = PBXShellScriptBuildPhase;
			buildActionMask = 2147483647;
			files = (
			);
			inputFileListPaths = (
				"${PODS_ROOT}/Target Support Files/Pods-SAR-Drone/Pods-SAR-Drone-frameworks-${CONFIGURATION}-input-files.xcfilelist",
			);
			name = "[CP] Embed Pods Frameworks";
			outputFileListPaths = (
				"${PODS_ROOT}/Target Support Files/Pods-SAR-Drone/Pods-SAR-Drone-frameworks-${CONFIGURATION}-output-files.xcfilelist",
			);
			runOnlyForDeploymentPostprocessing = 0;
			shellPath = /bin/sh;
			shellScript = "\"${PODS_ROOT}/Target Support Files/Pods-SAR-Drone/Pods-SAR-Drone-frameworks.sh\"\n";
			showEnvVarsInLog = 0;
		};
/* End PBXShellScriptBuildPhase section */

/* Begin PBXSourcesBuildPhase section */
		6381EC0E23F35392002C1DD0 /* Sources */ = {
			isa = PBXSourcesBuildPhase;
			buildActionMask = 2147483647;
			files = (
				6381EC1A23F35392002C1DD0 /* ViewController.swift in Sources */,
				6381EC1623F35392002C1DD0 /* AppDelegate.swift in Sources */,
				6381EC2A23F35689002C1DD0 /* ProductCommunicationManager.swift in Sources */,
				6381EC1823F35392002C1DD0 /* SceneDelegate.swift in Sources */,
			);
			runOnlyForDeploymentPostprocessing = 0;
		};
/* End PBXSourcesBuildPhase section */

/* Begin PBXVariantGroup section */
		6381EC1B23F35392002C1DD0 /* Main.storyboard */ = {
			isa = PBXVariantGroup;
			children = (
				6381EC1C23F35392002C1DD0 /* Base */,
			);
			name = Main.storyboard;
			sourceTree = "<group>";
		};
		6381EC2023F35397002C1DD0 /* LaunchScreen.storyboard */ = {
			isa = PBXVariantGroup;
			children = (
				6381EC2123F35397002C1DD0 /* Base */,
			);
			name = LaunchScreen.storyboard;
			sourceTree = "<group>";
		};
/* End PBXVariantGroup section */

/* Begin XCBuildConfiguration section */
		6381EC2423F35397002C1DD0 /* Debug */ = {
			isa = XCBuildConfiguration;
			buildSettings = {
				ALWAYS_SEARCH_USER_PATHS = NO;
				CLANG_ANALYZER_NONNULL = YES;
				CLANG_ANALYZER_NUMBER_OBJECT_CONVERSION = YES_AGGRESSIVE;
				CLANG_CXX_LANGUAGE_STANDARD = "gnu++14";
				CLANG_CXX_LIBRARY = "libc++";
				CLANG_ENABLE_MODULES = YES;
				CLANG_ENABLE_OBJC_ARC = YES;
				CLANG_ENABLE_OBJC_WEAK = YES;
				CLANG_WARN_BLOCK_CAPTURE_AUTORELEASING = YES;
				CLANG_WARN_BOOL_CONVERSION = YES;
				CLANG_WARN_COMMA = YES;
				CLANG_WARN_CONSTANT_CONVERSION = YES;
				CLANG_WARN_DEPRECATED_OBJC_IMPLEMENTATIONS = YES;
				CLANG_WARN_DIRECT_OBJC_ISA_USAGE = YES_ERROR;
				CLANG_WARN_DOCUMENTATION_COMMENTS = YES;
				CLANG_WARN_EMPTY_BODY = YES;
				CLANG_WARN_ENUM_CONVERSION = YES;
				CLANG_WARN_INFINITE_RECURSION = YES;
				CLANG_WARN_INT_CONVERSION = YES;
				CLANG_WARN_NON_LITERAL_NULL_CONVERSION = YES;
				CLANG_WARN_OBJC_IMPLICIT_RETAIN_SELF = YES;
				CLANG_WARN_OBJC_LITERAL_CONVERSION = YES;
				CLANG_WARN_OBJC_ROOT_CLASS = YES_ERROR;
				CLANG_WARN_RANGE_LOOP_ANALYSIS = YES;
				CLANG_WARN_STRICT_PROTOTYPES = YES;
				CLANG_WARN_SUSPICIOUS_MOVE = YES;
				CLANG_WARN_UNGUARDED_AVAILABILITY = YES_AGGRESSIVE;
				CLANG_WARN_UNREACHABLE_CODE = YES;
				CLANG_WARN__DUPLICATE_METHOD_MATCH = YES;
				COPY_PHASE_STRIP = NO;
				DEBUG_INFORMATION_FORMAT = dwarf;
				ENABLE_STRICT_OBJC_MSGSEND = YES;
				ENABLE_TESTABILITY = YES;
				FRAMEWORK_SEARCH_PATHS = "\"${PODS_ROOT}/DJIWidget/FFmpeg\"";
				GCC_C_LANGUAGE_STANDARD = gnu11;
				GCC_DYNAMIC_NO_PIC = NO;
				GCC_NO_COMMON_BLOCKS = YES;
				GCC_OPTIMIZATION_LEVEL = 0;
				GCC_PREPROCESSOR_DEFINITIONS = (
					"DEBUG=1",
					"$(inherited)",
				);
				GCC_WARN_64_TO_32_BIT_CONVERSION = YES;
				GCC_WARN_ABOUT_RETURN_TYPE = YES_ERROR;
				GCC_WARN_UNDECLARED_SELECTOR = YES;
				GCC_WARN_UNINITIALIZED_AUTOS = YES_AGGRESSIVE;
				GCC_WARN_UNUSED_FUNCTION = YES;
				GCC_WARN_UNUSED_VARIABLE = YES;
				IPHONEOS_DEPLOYMENT_TARGET = 13.2;
				MTL_ENABLE_DEBUG_INFO = INCLUDE_SOURCE;
				MTL_FAST_MATH = YES;
				ONLY_ACTIVE_ARCH = YES;
				SDKROOT = iphoneos;
				SWIFT_ACTIVE_COMPILATION_CONDITIONS = DEBUG;
				SWIFT_OPTIMIZATION_LEVEL = "-Onone";
			};
			name = Debug;
		};
		6381EC2523F35397002C1DD0 /* Release */ = {
			isa = XCBuildConfiguration;
			buildSettings = {
				ALWAYS_SEARCH_USER_PATHS = NO;
				CLANG_ANALYZER_NONNULL = YES;
				CLANG_ANALYZER_NUMBER_OBJECT_CONVERSION = YES_AGGRESSIVE;
				CLANG_CXX_LANGUAGE_STANDARD = "gnu++14";
				CLANG_CXX_LIBRARY = "libc++";
				CLANG_ENABLE_MODULES = YES;
				CLANG_ENABLE_OBJC_ARC = YES;
				CLANG_ENABLE_OBJC_WEAK = YES;
				CLANG_WARN_BLOCK_CAPTURE_AUTORELEASING = YES;
				CLANG_WARN_BOOL_CONVERSION = YES;
				CLANG_WARN_COMMA = YES;
				CLANG_WARN_CONSTANT_CONVERSION = YES;
				CLANG_WARN_DEPRECATED_OBJC_IMPLEMENTATIONS = YES;
				CLANG_WARN_DIRECT_OBJC_ISA_USAGE = YES_ERROR;
				CLANG_WARN_DOCUMENTATION_COMMENTS = YES;
				CLANG_WARN_EMPTY_BODY = YES;
				CLANG_WARN_ENUM_CONVERSION = YES;
				CLANG_WARN_INFINITE_RECURSION = YES;
				CLANG_WARN_INT_CONVERSION = YES;
				CLANG_WARN_NON_LITERAL_NULL_CONVERSION = YES;
				CLANG_WARN_OBJC_IMPLICIT_RETAIN_SELF = YES;
				CLANG_WARN_OBJC_LITERAL_CONVERSION = YES;
				CLANG_WARN_OBJC_ROOT_CLASS = YES_ERROR;
				CLANG_WARN_RANGE_LOOP_ANALYSIS = YES;
				CLANG_WARN_STRICT_PROTOTYPES = YES;
				CLANG_WARN_SUSPICIOUS_MOVE = YES;
				CLANG_WARN_UNGUARDED_AVAILABILITY = YES_AGGRESSIVE;
				CLANG_WARN_UNREACHABLE_CODE = YES;
				CLANG_WARN__DUPLICATE_METHOD_MATCH = YES;
				COPY_PHASE_STRIP = NO;
				DEBUG_INFORMATION_FORMAT = "dwarf-with-dsym";
				ENABLE_NS_ASSERTIONS = NO;
				ENABLE_STRICT_OBJC_MSGSEND = YES;
				FRAMEWORK_SEARCH_PATHS = "\"${PODS_ROOT}/DJIWidget/FFmpeg\"";
				GCC_C_LANGUAGE_STANDARD = gnu11;
				GCC_NO_COMMON_BLOCKS = YES;
				GCC_WARN_64_TO_32_BIT_CONVERSION = YES;
				GCC_WARN_ABOUT_RETURN_TYPE = YES_ERROR;
				GCC_WARN_UNDECLARED_SELECTOR = YES;
				GCC_WARN_UNINITIALIZED_AUTOS = YES_AGGRESSIVE;
				GCC_WARN_UNUSED_FUNCTION = YES;
				GCC_WARN_UNUSED_VARIABLE = YES;
				IPHONEOS_DEPLOYMENT_TARGET = 13.2;
				MTL_ENABLE_DEBUG_INFO = NO;
				MTL_FAST_MATH = YES;
				ONLY_ACTIVE_ARCH = NO;
				SDKROOT = iphoneos;
				SWIFT_COMPILATION_MODE = wholemodule;
				SWIFT_OPTIMIZATION_LEVEL = "-O";
				VALIDATE_PRODUCT = YES;
			};
			name = Release;
		};
		6381EC2723F35397002C1DD0 /* Debug */ = {
			isa = XCBuildConfiguration;
			baseConfigurationReference = D3345BA6FD2808AFD34A1EE2 /* Pods-SAR-Drone.debug.xcconfig */;
			buildSettings = {
				ASSETCATALOG_COMPILER_APPICON_NAME = AppIcon;
				CODE_SIGN_STYLE = Automatic;
				DEVELOPMENT_TEAM = BV78S8QA64;
				ENABLE_BITCODE = NO;
				FRAMEWORK_SEARCH_PATHS = (
					"$(inherited)",
					"$(PROJECT_DIR)",
				);
				INFOPLIST_FILE = "SAR-Drone/Info.plist";
				IPHONEOS_DEPLOYMENT_TARGET = 13.0;
				LD_RUNPATH_SEARCH_PATHS = (
					"$(inherited)",
					"@executable_path/Frameworks",
				);
				LIBRARY_SEARCH_PATHS = (
					"$(inherited)",
					"$(PROJECT_DIR)/FFmpeg.framework",
				);
				PRODUCT_BUNDLE_IDENTIFIER = "UH.SAR-Drone";
				PRODUCT_NAME = "$(TARGET_NAME)";
				SWIFT_VERSION = 5.0;
				TARGETED_DEVICE_FAMILY = "1,2";
			};
			name = Debug;
		};
		6381EC2823F35397002C1DD0 /* Release */ = {
			isa = XCBuildConfiguration;
			baseConfigurationReference = BDF8DBEBB4C36DD0BC0093DB /* Pods-SAR-Drone.release.xcconfig */;
			buildSettings = {
				ASSETCATALOG_COMPILER_APPICON_NAME = AppIcon;
				CODE_SIGN_STYLE = Automatic;
				DEVELOPMENT_TEAM = BV78S8QA64;
				ENABLE_BITCODE = NO;
				FRAMEWORK_SEARCH_PATHS = (
					"$(inherited)",
					"$(PROJECT_DIR)",
				);
				INFOPLIST_FILE = "SAR-Drone/Info.plist";
				IPHONEOS_DEPLOYMENT_TARGET = 13.0;
				LD_RUNPATH_SEARCH_PATHS = (
					"$(inherited)",
					"@executable_path/Frameworks",
				);
				LIBRARY_SEARCH_PATHS = (
					"$(inherited)",
					"$(PROJECT_DIR)/FFmpeg.framework",
				);
				PRODUCT_BUNDLE_IDENTIFIER = "UH.SAR-Drone";
				PRODUCT_NAME = "$(TARGET_NAME)";
				SWIFT_VERSION = 5.0;
				TARGETED_DEVICE_FAMILY = "1,2";
			};
			name = Release;
		};
/* End XCBuildConfiguration section */

/* Begin XCConfigurationList section */
		6381EC0D23F35392002C1DD0 /* Build configuration list for PBXProject "SAR-Drone" */ = {
			isa = XCConfigurationList;
			buildConfigurations = (
				6381EC2423F35397002C1DD0 /* Debug */,
				6381EC2523F35397002C1DD0 /* Release */,
			);
			defaultConfigurationIsVisible = 0;
			defaultConfigurationName = Release;
		};
		6381EC2623F35397002C1DD0 /* Build configuration list for PBXNativeTarget "SAR-Drone" */ = {
			isa = XCConfigurationList;
			buildConfigurations = (
				6381EC2723F35397002C1DD0 /* Debug */,
				6381EC2823F35397002C1DD0 /* Release */,
			);
			defaultConfigurationIsVisible = 0;
			defaultConfigurationName = Release;
		};
/* End XCConfigurationList section */
	};
	rootObject = 6381EC0A23F35392002C1DD0 /* Project object */;
}
